
Microsoft Visual Studio Solution File, Format Version 12.00
# Visual Studio Version 17
VisualStudioVersion = 17.5.002.0
MinimumVisualStudioVersion = 10.0.40219.1
Project("{9A19103F-16F7-4668-BE54-9A1E7A4F7556}") = "API", "API.csproj", "{4123008B-22D2-4406-9D2A-5C89A7F3F2F9}"
EndProject
Global
	GlobalSection(SolutionConfigurationPlatforms) = preSolution
		Debug|Any CPU = Debug|Any CPU
		Release|Any CPU = Release|Any CPU
	EndGlobalSection
	GlobalSection(ProjectConfigurationPlatforms) = postSolution
		{4123008B-22D2-4406-9D2A-5C89A7F3F2F9}.Debug|Any CPU.ActiveCfg = Debug|Any CPU
		{4123008B-22D2-4406-9D2A-5C89A7F3F2F9}.Debug|Any CPU.Build.0 = Debug|Any CPU
		{4123008B-22D2-4406-9D2A-5C89A7F3F2F9}.Release|Any CPU.ActiveCfg = Release|Any CPU
		{4123008B-22D2-4406-9D2A-5C89A7F3F2F9}.Release|Any CPU.Build.0 = Release|Any CPU
	EndGlobalSection
	GlobalSection(SolutionProperties) = preSolution
		HideSolutionNode = FALSE
	EndGlobalSection
	GlobalSection(ExtensibilityGlobals) = postSolution
		SolutionGuid = {10EAF998-B13F-42FD-A846-B440B0A5D1C0}
	EndGlobalSection
EndGlobal
